
Microsoft Visual Studio Solution File, Format Version 12.00
Project("{FAE04EC0-301F-11D3-BF4B-00C04F79EFBC}") = "FireGuardiansCkModel", "src\FireGuardiansCkModel\FireGuardiansCkModel.csproj", "{8D0440E8-272C-4B22-A837-F20A257E8D3A}"
EndProject
Project("{FAE04EC0-301F-11D3-BF4B-00C04F79EFBC}") = "FireGuardiansWebApp", "src\FireGuardiansWebApp\FireGuardiansWebApp.csproj", "{99639FE4-6A18-4728-AE63-0E0DAEAAD0A9}"
EndProject
Global
	GlobalSection(SolutionConfigurationPlatforms) = preSolution
		Debug|Any CPU = Debug|Any CPU
		Release|Any CPU = Release|Any CPU
	EndGlobalSection
	GlobalSection(ProjectConfigurationPlatforms) = postSolution
		{8D0440E8-272C-4B22-A837-F20A257E8D3A}.Debug|Any CPU.ActiveCfg = Debug|Any CPU
		{8D0440E8-272C-4B22-A837-F20A257E8D3A}.Debug|Any CPU.Build.0 = Debug|Any CPU
		{8D0440E8-272C-4B22-A837-F20A257E8D3A}.Release|Any CPU.ActiveCfg = Release|Any CPU
		{8D0440E8-272C-4B22-A837-F20A257E8D3A}.Release|Any CPU.Build.0 = Release|Any CPU
		{99639FE4-6A18-4728-AE63-0E0DAEAAD0A9}.Debug|Any CPU.ActiveCfg = Debug|Any CPU
		{99639FE4-6A18-4728-AE63-0E0DAEAAD0A9}.Debug|Any CPU.Build.0 = Debug|Any CPU
		{99639FE4-6A18-4728-AE63-0E0DAEAAD0A9}.Release|Any CPU.ActiveCfg = Release|Any CPU
		{99639FE4-6A18-4728-AE63-0E0DAEAAD0A9}.Release|Any CPU.Build.0 = Release|Any CPU
	EndGlobalSection
EndGlobal
